%{"benchwarmer": {:hex, :benchwarmer, "0.0.2"},
  "connection": {:hex, :connection, "1.0.2"},
  "decimal": {:hex, :decimal, "1.1.1"},
  "earmark": {:hex, :earmark, "0.2.1"},
  "ecto": {:hex, :ecto, "1.1.1"},
  "ex_doc": {:hex, :ex_doc, "0.11.3"},
  "exprotobuf": {:hex, :exprotobuf, "1.0.0-rc1"},
  "exts": {:hex, :exts, "0.2.2"},
  "gpb": {:hex, :gpb, "3.18.10"},
  "mariaex": {:hex, :mariaex, "0.6.2"},
  "poolboy": {:hex, :poolboy, "1.5.1"},
  "ranch": {:hex, :ranch, "1.2.0"},
  "reagent": {:hex, :reagent, "0.1.5"},
  "socket": {:hex, :socket, "0.2.8"},
  "table": {:hex, :table, "0.0.4"},
  "table_rex": {:hex, :table_rex, "0.8.0"}}
